
Microsoft Visual Studio Solution File, Format Version 12.00
# Visual Studio Version 16
VisualStudioVersion = 16.0.30621.155
MinimumVisualStudioVersion = 10.0.40219.1
Project("{FAE04EC0-301F-11D3-BF4B-00C04F79EFBC}") = "WinFormsApp", "WinFormsApp\WinFormsApp.csproj", "{83E20799-70FE-41E8-AC4E-9956CDADC7A6}"
EndProject
Global
	GlobalSection(SolutionConfigurationPlatforms) = preSolution
		Debug|Any CPU = Debug|Any CPU
		Release|Any CPU = Release|Any CPU
	EndGlobalSection
	GlobalSection(ProjectConfigurationPlatforms) = postSolution
		{83E20799-70FE-41E8-AC4E-9956CDADC7A6}.Debug|Any CPU.ActiveCfg = Debug|Any CPU
		{83E20799-70FE-41E8-AC4E-9956CDADC7A6}.Debug|Any CPU.Build.0 = Debug|Any CPU
		{83E20799-70FE-41E8-AC4E-9956CDADC7A6}.Release|Any CPU.ActiveCfg = Release|Any CPU
		{83E20799-70FE-41E8-AC4E-9956CDADC7A6}.Release|Any CPU.Build.0 = Release|Any CPU
	EndGlobalSection
	GlobalSection(SolutionProperties) = preSolution
		HideSolutionNode = FALSE
	EndGlobalSection
	GlobalSection(ExtensibilityGlobals) = postSolution
		SolutionGuid = {5549AFA8-0889-480D-A71E-AE6C4B57F3F6}
	EndGlobalSection
EndGlobal
